
Microsoft Visual Studio Solution File, Format Version 12.00
# Visual Studio Version 17
VisualStudioVersion = 17.14.36401.2 d17.14
MinimumVisualStudioVersion = 10.0.40219.1
Project("{FAE04EC0-301F-11D3-BF4B-00C04F79EFBC}") = "DbOperationWithEFCoreApp", "DbOperationWithEFCoreApp\DbOperationWithEFCoreApp.csproj", "{3E2A8B6A-13E4-43BC-9047-4B45A0616272}"
EndProject
Global
	GlobalSection(SolutionConfigurationPlatforms) = preSolution
		Debug|Any CPU = Debug|Any CPU
		Release|Any CPU = Release|Any CPU
	EndGlobalSection
	GlobalSection(ProjectConfigurationPlatforms) = postSolution
		{3E2A8B6A-13E4-43BC-9047-4B45A0616272}.Debug|Any CPU.ActiveCfg = Debug|Any CPU
		{3E2A8B6A-13E4-43BC-9047-4B45A0616272}.Debug|Any CPU.Build.0 = Debug|Any CPU
		{3E2A8B6A-13E4-43BC-9047-4B45A0616272}.Release|Any CPU.ActiveCfg = Release|Any CPU
		{3E2A8B6A-13E4-43BC-9047-4B45A0616272}.Release|Any CPU.Build.0 = Release|Any CPU
	EndGlobalSection
	GlobalSection(SolutionProperties) = preSolution
		HideSolutionNode = FALSE
	EndGlobalSection
	GlobalSection(ExtensibilityGlobals) = postSolution
		SolutionGuid = {D8BF1D83-9189-48C7-85B2-1A56A3B2D336}
	EndGlobalSection
EndGlobal
